
Microsoft Visual Studio Solution File, Format Version 12.00
# Visual Studio Version 17
VisualStudioVersion = 17.0.31825.309
MinimumVisualStudioVersion = 10.0.40219.1
Project("{9A19103F-16F7-4668-BE54-9A1E7A4F7556}") = "Itvdn-dotnet", "Itvdn-dotnet\Itvdn-dotnet.csproj", "{C13F3B62-5D72-42B0-81FD-0C12F10BE50F}"
EndProject
Project("{9A19103F-16F7-4668-BE54-9A1E7A4F7556}") = "String", "String\String.csproj", "{68CA4A43-4FBE-463A-AF49-C428751C64DF}"
EndProject
Project("{9A19103F-16F7-4668-BE54-9A1E7A4F7556}") = "Arrays", "Arrays\Arrays.csproj", "{92C3A104-5A23-405D-BA46-B41439151276}"
EndProject
Project("{9A19103F-16F7-4668-BE54-9A1E7A4F7556}") = "Arithmetic", "Arithmetic\Arithmetic.csproj", "{9A57B3AE-28BF-4593-A075-38ABB3A7E318}"
EndProject
Project("{9A19103F-16F7-4668-BE54-9A1E7A4F7556}") = "List", "List\List.csproj", "{B5A2B5A9-793D-48F7-9892-6ADA654A6BCA}"
EndProject
Project("{9A19103F-16F7-4668-BE54-9A1E7A4F7556}") = "Enum", "Enum\Enum.csproj", "{C374CBDC-0629-4996-8512-122BB8372CF2}"
EndProject
Project("{9A19103F-16F7-4668-BE54-9A1E7A4F7556}") = "Tuple", "Tuple\Tuple.csproj", "{B192AFA3-6507-46DF-ADB7-02B48E2AA76A}"
EndProject
Project("{9A19103F-16F7-4668-BE54-9A1E7A4F7556}") = "File", "File\File.csproj", "{6DB271B3-DB0F-4D11-A307-3C6A2FA0CF9C}"
EndProject
Project("{9A19103F-16F7-4668-BE54-9A1E7A4F7556}") = "Classes", "Classes\Classes.csproj", "{3BB5EFEA-6B98-432C-B47C-D90D3446766C}"
EndProject
Project("{9A19103F-16F7-4668-BE54-9A1E7A4F7556}") = "Formula", "Formula\Formula.csproj", "{5AAA6D4E-0325-480E-9B35-1FEFA5407C87}"
EndProject
Project("{9A19103F-16F7-4668-BE54-9A1E7A4F7556}") = "SortingMethods", "SortingMethods\SortingMethods.csproj", "{E5204A90-EF7A-4C1F-87E3-1B5B55DC7364}"
EndProject
Project("{FAE04EC0-301F-11D3-BF4B-00C04F79EFBC}") = "LINQ", "LINQ\LINQ.csproj", "{CE472FB2-379C-456E-93B5-792E22CB14B2}"
EndProject
Global
	GlobalSection(SolutionConfigurationPlatforms) = preSolution
		Debug|Any CPU = Debug|Any CPU
		Release|Any CPU = Release|Any CPU
	EndGlobalSection
	GlobalSection(ProjectConfigurationPlatforms) = postSolution
		{C13F3B62-5D72-42B0-81FD-0C12F10BE50F}.Debug|Any CPU.ActiveCfg = Debug|Any CPU
		{C13F3B62-5D72-42B0-81FD-0C12F10BE50F}.Debug|Any CPU.Build.0 = Debug|Any CPU
		{C13F3B62-5D72-42B0-81FD-0C12F10BE50F}.Release|Any CPU.ActiveCfg = Release|Any CPU
		{C13F3B62-5D72-42B0-81FD-0C12F10BE50F}.Release|Any CPU.Build.0 = Release|Any CPU
		{68CA4A43-4FBE-463A-AF49-C428751C64DF}.Debug|Any CPU.ActiveCfg = Debug|Any CPU
		{68CA4A43-4FBE-463A-AF49-C428751C64DF}.Debug|Any CPU.Build.0 = Debug|Any CPU
		{68CA4A43-4FBE-463A-AF49-C428751C64DF}.Release|Any CPU.ActiveCfg = Release|Any CPU
		{68CA4A43-4FBE-463A-AF49-C428751C64DF}.Release|Any CPU.Build.0 = Release|Any CPU
		{92C3A104-5A23-405D-BA46-B41439151276}.Debug|Any CPU.ActiveCfg = Debug|Any CPU
		{92C3A104-5A23-405D-BA46-B41439151276}.Debug|Any CPU.Build.0 = Debug|Any CPU
		{92C3A104-5A23-405D-BA46-B41439151276}.Release|Any CPU.ActiveCfg = Release|Any CPU
		{92C3A104-5A23-405D-BA46-B41439151276}.Release|Any CPU.Build.0 = Release|Any CPU
		{9A57B3AE-28BF-4593-A075-38ABB3A7E318}.Debug|Any CPU.ActiveCfg = Debug|Any CPU
		{9A57B3AE-28BF-4593-A075-38ABB3A7E318}.Debug|Any CPU.Build.0 = Debug|Any CPU
		{9A57B3AE-28BF-4593-A075-38ABB3A7E318}.Release|Any CPU.ActiveCfg = Release|Any CPU
		{9A57B3AE-28BF-4593-A075-38ABB3A7E318}.Release|Any CPU.Build.0 = Release|Any CPU
		{B5A2B5A9-793D-48F7-9892-6ADA654A6BCA}.Debug|Any CPU.ActiveCfg = Debug|Any CPU
		{B5A2B5A9-793D-48F7-9892-6ADA654A6BCA}.Debug|Any CPU.Build.0 = Debug|Any CPU
		{B5A2B5A9-793D-48F7-9892-6ADA654A6BCA}.Release|Any CPU.ActiveCfg = Release|Any CPU
		{B5A2B5A9-793D-48F7-9892-6ADA654A6BCA}.Release|Any CPU.Build.0 = Release|Any CPU
		{C374CBDC-0629-4996-8512-122BB8372CF2}.Debug|Any CPU.ActiveCfg = Debug|Any CPU
		{C374CBDC-0629-4996-8512-122BB8372CF2}.Debug|Any CPU.Build.0 = Debug|Any CPU
		{C374CBDC-0629-4996-8512-122BB8372CF2}.Release|Any CPU.ActiveCfg = Release|Any CPU
		{C374CBDC-0629-4996-8512-122BB8372CF2}.Release|Any CPU.Build.0 = Release|Any CPU
		{B192AFA3-6507-46DF-ADB7-02B48E2AA76A}.Debug|Any CPU.ActiveCfg = Debug|Any CPU
		{B192AFA3-6507-46DF-ADB7-02B48E2AA76A}.Debug|Any CPU.Build.0 = Debug|Any CPU
		{B192AFA3-6507-46DF-ADB7-02B48E2AA76A}.Release|Any CPU.ActiveCfg = Release|Any CPU
		{B192AFA3-6507-46DF-ADB7-02B48E2AA76A}.Release|Any CPU.Build.0 = Release|Any CPU
		{6DB271B3-DB0F-4D11-A307-3C6A2FA0CF9C}.Debug|Any CPU.ActiveCfg = Debug|Any CPU
		{6DB271B3-DB0F-4D11-A307-3C6A2FA0CF9C}.Debug|Any CPU.Build.0 = Debug|Any CPU
		{6DB271B3-DB0F-4D11-A307-3C6A2FA0CF9C}.Release|Any CPU.ActiveCfg = Release|Any CPU
		{6DB271B3-DB0F-4D11-A307-3C6A2FA0CF9C}.Release|Any CPU.Build.0 = Release|Any CPU
		{3BB5EFEA-6B98-432C-B47C-D90D3446766C}.Debug|Any CPU.ActiveCfg = Debug|Any CPU
		{3BB5EFEA-6B98-432C-B47C-D90D3446766C}.Debug|Any CPU.Build.0 = Debug|Any CPU
		{3BB5EFEA-6B98-432C-B47C-D90D3446766C}.Release|Any CPU.ActiveCfg = Release|Any CPU
		{3BB5EFEA-6B98-432C-B47C-D90D3446766C}.Release|Any CPU.Build.0 = Release|Any CPU
		{5AAA6D4E-0325-480E-9B35-1FEFA5407C87}.Debug|Any CPU.ActiveCfg = Debug|Any CPU
		{5AAA6D4E-0325-480E-9B35-1FEFA5407C87}.Debug|Any CPU.Build.0 = Debug|Any CPU
		{5AAA6D4E-0325-480E-9B35-1FEFA5407C87}.Release|Any CPU.ActiveCfg = Release|Any CPU
		{5AAA6D4E-0325-480E-9B35-1FEFA5407C87}.Release|Any CPU.Build.0 = Release|Any CPU
		{E5204A90-EF7A-4C1F-87E3-1B5B55DC7364}.Debug|Any CPU.ActiveCfg = Debug|Any CPU
		{E5204A90-EF7A-4C1F-87E3-1B5B55DC7364}.Debug|Any CPU.Build.0 = Debug|Any CPU
		{E5204A90-EF7A-4C1F-87E3-1B5B55DC7364}.Release|Any CPU.ActiveCfg = Release|Any CPU
		{E5204A90-EF7A-4C1F-87E3-1B5B55DC7364}.Release|Any CPU.Build.0 = Release|Any CPU
		{CE472FB2-379C-456E-93B5-792E22CB14B2}.Debug|Any CPU.ActiveCfg = Debug|Any CPU
		{CE472FB2-379C-456E-93B5-792E22CB14B2}.Debug|Any CPU.Build.0 = Debug|Any CPU
		{CE472FB2-379C-456E-93B5-792E22CB14B2}.Release|Any CPU.ActiveCfg = Release|Any CPU
		{CE472FB2-379C-456E-93B5-792E22CB14B2}.Release|Any CPU.Build.0 = Release|Any CPU
	EndGlobalSection
	GlobalSection(SolutionProperties) = preSolution
		HideSolutionNode = FALSE
	EndGlobalSection
	GlobalSection(ExtensibilityGlobals) = postSolution
		SolutionGuid = {CF2057BA-243E-44E1-AB74-D9F3112FF0E3}
	EndGlobalSection
EndGlobal
